
Microsoft Visual Studio Solution File, Format Version 12.00
# Visual Studio Version 17
VisualStudioVersion = 17.0.31919.166
MinimumVisualStudioVersion = 10.0.40219.1
Project("{9A19103F-16F7-4668-BE54-9A1E7A4F7556}") = "dg.adventofcode.2021", "dg.adventofcode.2021\dg.adventofcode.2021.csproj", "{971236FC-FC1A-49C5-BD6A-611A9D26DFBA}"
EndProject
Project("{9A19103F-16F7-4668-BE54-9A1E7A4F7556}") = "dg.adventofcode.2021.tests", "dg.adventofcode.2021.tests\dg.adventofcode.2021.tests.csproj", "{F49B57B5-5E3D-4346-9709-9BA4A9880A08}"
EndProject
Project("{9A19103F-16F7-4668-BE54-9A1E7A4F7556}") = "dg.adventofcode.2021.crosscutting", "dg.adventofcode.2021.crosscutting\dg.adventofcode.2021.crosscutting.csproj", "{DDC7D209-2FD7-4260-B7C6-4E328D1726C4}"
EndProject
Project("{FAE04EC0-301F-11D3-BF4B-00C04F79EFBC}") = "dg.adventofcode.2021.runner", "dg.adventofcode.2021.runner\dg.adventofcode.2021.runner.csproj", "{8AF28C21-8C9F-4C51-B923-B1906790F8E6}"
EndProject
Global
	GlobalSection(SolutionConfigurationPlatforms) = preSolution
		Debug|Any CPU = Debug|Any CPU
		Release|Any CPU = Release|Any CPU
	EndGlobalSection
	GlobalSection(ProjectConfigurationPlatforms) = postSolution
		{971236FC-FC1A-49C5-BD6A-611A9D26DFBA}.Debug|Any CPU.ActiveCfg = Debug|Any CPU
		{971236FC-FC1A-49C5-BD6A-611A9D26DFBA}.Debug|Any CPU.Build.0 = Debug|Any CPU
		{971236FC-FC1A-49C5-BD6A-611A9D26DFBA}.Release|Any CPU.ActiveCfg = Release|Any CPU
		{971236FC-FC1A-49C5-BD6A-611A9D26DFBA}.Release|Any CPU.Build.0 = Release|Any CPU
		{F49B57B5-5E3D-4346-9709-9BA4A9880A08}.Debug|Any CPU.ActiveCfg = Debug|Any CPU
		{F49B57B5-5E3D-4346-9709-9BA4A9880A08}.Debug|Any CPU.Build.0 = Debug|Any CPU
		{F49B57B5-5E3D-4346-9709-9BA4A9880A08}.Release|Any CPU.ActiveCfg = Release|Any CPU
		{F49B57B5-5E3D-4346-9709-9BA4A9880A08}.Release|Any CPU.Build.0 = Release|Any CPU
		{DDC7D209-2FD7-4260-B7C6-4E328D1726C4}.Debug|Any CPU.ActiveCfg = Debug|Any CPU
		{DDC7D209-2FD7-4260-B7C6-4E328D1726C4}.Debug|Any CPU.Build.0 = Debug|Any CPU
		{DDC7D209-2FD7-4260-B7C6-4E328D1726C4}.Release|Any CPU.ActiveCfg = Release|Any CPU
		{DDC7D209-2FD7-4260-B7C6-4E328D1726C4}.Release|Any CPU.Build.0 = Release|Any CPU
		{8AF28C21-8C9F-4C51-B923-B1906790F8E6}.Debug|Any CPU.ActiveCfg = Debug|Any CPU
		{8AF28C21-8C9F-4C51-B923-B1906790F8E6}.Debug|Any CPU.Build.0 = Debug|Any CPU
		{8AF28C21-8C9F-4C51-B923-B1906790F8E6}.Release|Any CPU.ActiveCfg = Release|Any CPU
		{8AF28C21-8C9F-4C51-B923-B1906790F8E6}.Release|Any CPU.Build.0 = Release|Any CPU
	EndGlobalSection
	GlobalSection(SolutionProperties) = preSolution
		HideSolutionNode = FALSE
	EndGlobalSection
	GlobalSection(ExtensibilityGlobals) = postSolution
		SolutionGuid = {D5D1FE8A-5FEA-4DB7-9CE2-787C15260818}
	EndGlobalSection
EndGlobal
